
Microsoft Visual Studio Solution File, Format Version 12.00
# Visual Studio 15
VisualStudioVersion = 15.0.28010.2036
MinimumVisualStudioVersion = 10.0.40219.1
Project("{9A19103F-16F7-4668-BE54-9A1E7A4F7556}") = "RiverLinkReporter.api", "RiverLinkReporter.api\RiverLinkReporter.api.csproj", "{34BD2182-FA78-4DB0-BD65-F2FE407C3582}"
EndProject
Project("{9A19103F-16F7-4668-BE54-9A1E7A4F7556}") = "RiverLinkReporter.cli", "RiverLinkReporter.cli\RiverLinkReporter.cli.csproj", "{391DE837-0F62-45E5-9169-D0D4976DE405}"
EndProject
Project("{9A19103F-16F7-4668-BE54-9A1E7A4F7556}") = "RiverLinkReporter.models", "RiverLinkReporter.models\RiverLinkReporter.models.csproj", "{00ABDA22-AB3E-4E9A-927B-9B845B9D3DDB}"
EndProject
Project("{9A19103F-16F7-4668-BE54-9A1E7A4F7556}") = "RiverLinkReporter.service", "RiverLinkReporter.service\RiverLinkReporter.service.csproj", "{D9DABECE-A5A4-45F5-8573-97A1C70CFF17}"
EndProject
Project("{FAE04EC0-301F-11D3-BF4B-00C04F79EFBC}") = "RiverLinkReporter.web", "RiverLinkReporter.web\RiverLinkReporter.web.csproj", "{A68DCAC5-0CC6-445F-97DD-F8384A59AB54}"
EndProject
Global
	GlobalSection(SolutionConfigurationPlatforms) = preSolution
		Debug|Any CPU = Debug|Any CPU
		Release|Any CPU = Release|Any CPU
	EndGlobalSection
	GlobalSection(ProjectConfigurationPlatforms) = postSolution
		{34BD2182-FA78-4DB0-BD65-F2FE407C3582}.Debug|Any CPU.ActiveCfg = Debug|Any CPU
		{34BD2182-FA78-4DB0-BD65-F2FE407C3582}.Debug|Any CPU.Build.0 = Debug|Any CPU
		{34BD2182-FA78-4DB0-BD65-F2FE407C3582}.Release|Any CPU.ActiveCfg = Release|Any CPU
		{34BD2182-FA78-4DB0-BD65-F2FE407C3582}.Release|Any CPU.Build.0 = Release|Any CPU
		{391DE837-0F62-45E5-9169-D0D4976DE405}.Debug|Any CPU.ActiveCfg = Debug|Any CPU
		{391DE837-0F62-45E5-9169-D0D4976DE405}.Debug|Any CPU.Build.0 = Debug|Any CPU
		{391DE837-0F62-45E5-9169-D0D4976DE405}.Release|Any CPU.ActiveCfg = Release|Any CPU
		{391DE837-0F62-45E5-9169-D0D4976DE405}.Release|Any CPU.Build.0 = Release|Any CPU
		{00ABDA22-AB3E-4E9A-927B-9B845B9D3DDB}.Debug|Any CPU.ActiveCfg = Debug|Any CPU
		{00ABDA22-AB3E-4E9A-927B-9B845B9D3DDB}.Debug|Any CPU.Build.0 = Debug|Any CPU
		{00ABDA22-AB3E-4E9A-927B-9B845B9D3DDB}.Release|Any CPU.ActiveCfg = Release|Any CPU
		{00ABDA22-AB3E-4E9A-927B-9B845B9D3DDB}.Release|Any CPU.Build.0 = Release|Any CPU
		{D9DABECE-A5A4-45F5-8573-97A1C70CFF17}.Debug|Any CPU.ActiveCfg = Debug|Any CPU
		{D9DABECE-A5A4-45F5-8573-97A1C70CFF17}.Debug|Any CPU.Build.0 = Debug|Any CPU
		{D9DABECE-A5A4-45F5-8573-97A1C70CFF17}.Release|Any CPU.ActiveCfg = Release|Any CPU
		{D9DABECE-A5A4-45F5-8573-97A1C70CFF17}.Release|Any CPU.Build.0 = Release|Any CPU
		{A68DCAC5-0CC6-445F-97DD-F8384A59AB54}.Debug|Any CPU.ActiveCfg = Debug|Any CPU
		{A68DCAC5-0CC6-445F-97DD-F8384A59AB54}.Debug|Any CPU.Build.0 = Debug|Any CPU
		{A68DCAC5-0CC6-445F-97DD-F8384A59AB54}.Release|Any CPU.ActiveCfg = Release|Any CPU
		{A68DCAC5-0CC6-445F-97DD-F8384A59AB54}.Release|Any CPU.Build.0 = Release|Any CPU
	EndGlobalSection
	GlobalSection(SolutionProperties) = preSolution
		HideSolutionNode = FALSE
	EndGlobalSection
	GlobalSection(ExtensibilityGlobals) = postSolution
		SolutionGuid = {707F6E12-3658-4EBC-B4AE-04EC946BF238}
	EndGlobalSection
EndGlobal
